// !$*UTF8*$!
{
	archiveVersion = 1;
	classes = {
	};
	objectVersion = 46;
	objects = {

/* Begin PBXBuildFile section */
		0D7B13A3F91112429ECBFA9E /* EngineOpenGLES.cpp in Sources */ = {isa = PBXBuildFile; fileRef = 314C807494EF5344FE2492C6 /* EngineOpenGLES.cpp */; };
		16AD2690D75611A44CAA2672 /* ofxOscMessage.cpp in Sources */ = {isa = PBXBuildFile; fileRef = CEB31FBF6A782B7A24AF8C7B /* ofxOscMessage.cpp */; };
		1C19ABCBD11F1508A4A783F7 /* IpEndpointName.cpp in Sources */ = {isa = PBXBuildFile; fileRef = 61BE6704D365B28894FAF7D2 /* IpEndpointName.cpp */; };
		2C3F03135CD1C8F02FD3C655 /* imgui.cpp in Sources */ = {isa = PBXBuildFile; fileRef = 98EBC64521F3F666D55BBC08 /* imgui.cpp */; };
		2E00B1C9F92029E297DD0B76 /* OscOutboundPacketStream.cpp in Sources */ = {isa = PBXBuildFile; fileRef = 9C39518DE24A425946C33597 /* OscOutboundPacketStream.cpp */; };
		3785A22B8EFBABBD7B23E6F2 /* OscTypes.cpp in Sources */ = {isa = PBXBuildFile; fileRef = C43E8ABA65BC2F587109BB81 /* OscTypes.cpp */; };
		47EA4F9C15D82A8E6694BF43 /* EngineGLFW.cpp in Sources */ = {isa = PBXBuildFile; fileRef = 061E0CB5E91C71ABF0041189 /* EngineGLFW.cpp */; };
		7733102A165F3EF58830E0F0 /* OscReceivedElements.cpp in Sources */ = {isa = PBXBuildFile; fileRef = 5396921922631D07ED73E029 /* OscReceivedElements.cpp */; };
		8193901DC3B5A89378C9800E /* BaseEngine.cpp in Sources */ = {isa = PBXBuildFile; fileRef = D044178DED707BC0472CED4E /* BaseEngine.cpp */; };
		916A506838DC204FEFBA4813 /* ofxOscReceiver.cpp in Sources */ = {isa = PBXBuildFile; fileRef = 79C364D74DEFBABA08E4E9A2 /* ofxOscReceiver.cpp */; };
		99A7A40BD5FCF78B6F28C144 /* ofxImGui.cpp in Sources */ = {isa = PBXBuildFile; fileRef = DE1DD0C3E2AA9879F9A39109 /* ofxImGui.cpp */; };
		B1ACDFF67F1AB40792F7E3C0 /* ofxOscParameterSync.cpp in Sources */ = {isa = PBXBuildFile; fileRef = 08BF3ADD532836850D8C5AF3 /* ofxOscParameterSync.cpp */; };
		C9AAB1E719BC2B1B5B42DD97 /* NetworkingUtils.cpp in Sources */ = {isa = PBXBuildFile; fileRef = 03D40937B60244A577063F86 /* NetworkingUtils.cpp */; };
		CFECBF059E524DC871D020D6 /* imgui_demo.cpp in Sources */ = {isa = PBXBuildFile; fileRef = CF46F8CFC14F5CF86CE31A54 /* imgui_demo.cpp */; };
		D7D4FACB71367BED212B2361 /* imgui_draw.cpp in Sources */ = {isa = PBXBuildFile; fileRef = 025ECBC2C326805C6910C2C6 /* imgui_draw.cpp */; };
		D92EA42F1D91210B00220A84 /* main.cpp in Sources */ = {isa = PBXBuildFile; fileRef = D92EA42C1D91210B00220A84 /* main.cpp */; };
		D92EA4301D91210B00220A84 /* ofApp.cpp in Sources */ = {isa = PBXBuildFile; fileRef = D92EA42D1D91210B00220A84 /* ofApp.cpp */; };
		D942004DA1801633AB1BC2BA /* OscPrintReceivedElements.cpp in Sources */ = {isa = PBXBuildFile; fileRef = E81AB65E37D792C4379AF07E /* OscPrintReceivedElements.cpp */; };
		DBD76DE6D65C641C5A68C83B /* ofxOscBundle.cpp in Sources */ = {isa = PBXBuildFile; fileRef = DE57F9D8345EAB6D75668D42 /* ofxOscBundle.cpp */; };
		DD640E91A59C500218580845 /* UdpSocket.cpp in Sources */ = {isa = PBXBuildFile; fileRef = D300779D8EA18015CFE4B288 /* UdpSocket.cpp */; };
		E4328149138ABC9F0047C5CB /* openFrameworksDebug.a in Frameworks */ = {isa = PBXBuildFile; fileRef = E4328148138ABC890047C5CB /* openFrameworksDebug.a */; };
		E4F9EF0D421581E9652692DE /* BaseTheme.cpp in Sources */ = {isa = PBXBuildFile; fileRef = 8EA9577242B4CABCACF02098 /* BaseTheme.cpp */; };
		F0A819AFAF20263BEA98163D /* ofxOscSender.cpp in Sources */ = {isa = PBXBuildFile; fileRef = CFC50EEC7E148135A6A0B205 /* ofxOscSender.cpp */; };
/* End PBXBuildFile section */

/* Begin PBXContainerItemProxy section */
		E4328147138ABC890047C5CB /* PBXContainerItemProxy */ = {
			isa = PBXContainerItemProxy;
			containerPortal = E4328143138ABC890047C5CB /* openFrameworksLib.xcodeproj */;
			proxyType = 2;
			remoteGlobalIDString = E4B27C1510CBEB8E00536013;
			remoteInfo = openFrameworks;
		};
		E4EEB9AB138B136A00A80321 /* PBXContainerItemProxy */ = {
			isa = PBXContainerItemProxy;
			containerPortal = E4328143138ABC890047C5CB /* openFrameworksLib.xcodeproj */;
			proxyType = 1;
			remoteGlobalIDString = E4B27C1410CBEB8E00536013;
			remoteInfo = openFrameworks;
		};
/* End PBXContainerItemProxy section */

/* Begin PBXCopyFilesBuildPhase section */
		E4C2427710CC5ABF004149E2 /* CopyFiles */ = {
			isa = PBXCopyFilesBuildPhase;
			buildActionMask = 2147483647;
			dstPath = "";
			dstSubfolderSpec = 10;
			files = (
			);
			runOnlyForDeploymentPostprocessing = 0;
		};
/* End PBXCopyFilesBuildPhase section */

/* Begin PBXFileReference section */
		025ECBC2C326805C6910C2C6 /* imgui_draw.cpp */ = {isa = PBXFileReference; explicitFileType = sourcecode.cpp.cpp; fileEncoding = 30; name = imgui_draw.cpp; path = ../../../../addons/ofxImGui/libs/imgui/src/imgui_draw.cpp; sourceTree = SOURCE_ROOT; };
		03D40937B60244A577063F86 /* NetworkingUtils.cpp */ = {isa = PBXFileReference; explicitFileType = sourcecode.cpp.cpp; fileEncoding = 30; name = NetworkingUtils.cpp; path = ../../../../addons/ofxOsc/libs/oscpack/src/ip/posix/NetworkingUtils.cpp; sourceTree = SOURCE_ROOT; };
		061E0CB5E91C71ABF0041189 /* EngineGLFW.cpp */ = {isa = PBXFileReference; explicitFileType = sourcecode.cpp.cpp; fileEncoding = 30; name = EngineGLFW.cpp; path = ../../../../addons/ofxImGui/src/EngineGLFW.cpp; sourceTree = SOURCE_ROOT; };
		06CE2E758505443A7A7C2262 /* BaseTheme.h */ = {isa = PBXFileReference; explicitFileType = sourcecode.c.h; fileEncoding = 30; name = BaseTheme.h; path = ../../../../addons/ofxImGui/src/BaseTheme.h; sourceTree = SOURCE_ROOT; };
		08BF3ADD532836850D8C5AF3 /* ofxOscParameterSync.cpp */ = {isa = PBXFileReference; explicitFileType = sourcecode.cpp.cpp; fileEncoding = 30; name = ofxOscParameterSync.cpp; path = ../../../../addons/ofxOsc/src/ofxOscParameterSync.cpp; sourceTree = SOURCE_ROOT; };
		0B67F6D17CF69FC935590AE4 /* PacketListener.h */ = {isa = PBXFileReference; explicitFileType = sourcecode.c.h; fileEncoding = 30; name = PacketListener.h; path = ../../../../addons/ofxOsc/libs/oscpack/src/ip/PacketListener.h; sourceTree = SOURCE_ROOT; };
		10BA005287E5672C6BCB30E8 /* ofxOscMessage.h */ = {isa = PBXFileReference; explicitFileType = sourcecode.c.h; fileEncoding = 30; name = ofxOscMessage.h; path = ../../../../addons/ofxOsc/src/ofxOscMessage.h; sourceTree = SOURCE_ROOT; };
		127D584D16F73D5B63B4DBA7 /* OscOutboundPacketStream.h */ = {isa = PBXFileReference; explicitFileType = sourcecode.c.h; fileEncoding = 30; name = OscOutboundPacketStream.h; path = ../../../../addons/ofxOsc/libs/oscpack/src/osc/OscOutboundPacketStream.h; sourceTree = SOURCE_ROOT; };
		1988604589DC641E9CDC6748 /* EngineOpenGLES.h */ = {isa = PBXFileReference; explicitFileType = sourcecode.c.h; fileEncoding = 30; name = EngineOpenGLES.h; path = ../../../../addons/ofxImGui/src/EngineOpenGLES.h; sourceTree = SOURCE_ROOT; };
		314C807494EF5344FE2492C6 /* EngineOpenGLES.cpp */ = {isa = PBXFileReference; explicitFileType = sourcecode.cpp.cpp; fileEncoding = 30; name = EngineOpenGLES.cpp; path = ../../../../addons/ofxImGui/src/EngineOpenGLES.cpp; sourceTree = SOURCE_ROOT; };
		35A94A6E3724E92F291C00B1 /* imconfig.h */ = {isa = PBXFileReference; explicitFileType = sourcecode.c.h; fileEncoding = 30; name = imconfig.h; path = ../../../../addons/ofxImGui/src/imconfig.h; sourceTree = SOURCE_ROOT; };
		3BAF62549ABF96BF54517EF2 /* NetworkingUtils.h */ = {isa = PBXFileReference; explicitFileType = sourcecode.c.h; fileEncoding = 30; name = NetworkingUtils.h; path = ../../../../addons/ofxOsc/libs/oscpack/src/ip/NetworkingUtils.h; sourceTree = SOURCE_ROOT; };
		3E2AAA64E886DE788C3DADE0 /* OscException.h */ = {isa = PBXFileReference; explicitFileType = sourcecode.c.h; fileEncoding = 30; name = OscException.h; path = ../../../../addons/ofxOsc/libs/oscpack/src/osc/OscException.h; sourceTree = SOURCE_ROOT; };
		51816F5C966D8691FC1FEEB5 /* OscReceivedElements.h */ = {isa = PBXFileReference; explicitFileType = sourcecode.c.h; fileEncoding = 30; name = OscReceivedElements.h; path = ../../../../addons/ofxOsc/libs/oscpack/src/osc/OscReceivedElements.h; sourceTree = SOURCE_ROOT; };
		5396921922631D07ED73E029 /* OscReceivedElements.cpp */ = {isa = PBXFileReference; explicitFileType = sourcecode.cpp.cpp; fileEncoding = 30; name = OscReceivedElements.cpp; path = ../../../../addons/ofxOsc/libs/oscpack/src/osc/OscReceivedElements.cpp; sourceTree = SOURCE_ROOT; };
		5B03CAE1F5D186D2844A9AFB /* ThemeTest.h */ = {isa = PBXFileReference; explicitFileType = sourcecode.c.h; fileEncoding = 30; name = ThemeTest.h; path = ../../../../addons/ofxImGui/src/ThemeTest.h; sourceTree = SOURCE_ROOT; };
		5B56F3B6C4116938D60235DD /* stb_truetype.h */ = {isa = PBXFileReference; explicitFileType = sourcecode.c.h; fileEncoding = 30; name = stb_truetype.h; path = ../../../../addons/ofxImGui/libs/imgui/src/stb_truetype.h; sourceTree = SOURCE_ROOT; };
		5BEF8D582E6BEB441C005898 /* TimerListener.h */ = {isa = PBXFileReference; explicitFileType = sourcecode.c.h; fileEncoding = 30; name = TimerListener.h; path = ../../../../addons/ofxOsc/libs/oscpack/src/ip/TimerListener.h; sourceTree = SOURCE_ROOT; };
		61BE6704D365B28894FAF7D2 /* IpEndpointName.cpp */ = {isa = PBXFileReference; explicitFileType = sourcecode.cpp.cpp; fileEncoding = 30; name = IpEndpointName.cpp; path = ../../../../addons/ofxOsc/libs/oscpack/src/ip/IpEndpointName.cpp; sourceTree = SOURCE_ROOT; };
		66895DD849DEFD703D58C27F /* BaseEngine.h */ = {isa = PBXFileReference; explicitFileType = sourcecode.c.h; fileEncoding = 30; name = BaseEngine.h; path = ../../../../addons/ofxImGui/src/BaseEngine.h; sourceTree = SOURCE_ROOT; };
		673F53E378FCA378B684A581 /* stb_rect_pack.h */ = {isa = PBXFileReference; explicitFileType = sourcecode.c.h; fileEncoding = 30; name = stb_rect_pack.h; path = ../../../../addons/ofxImGui/libs/imgui/src/stb_rect_pack.h; sourceTree = SOURCE_ROOT; };
		79C364D74DEFBABA08E4E9A2 /* ofxOscReceiver.cpp */ = {isa = PBXFileReference; explicitFileType = sourcecode.cpp.cpp; fileEncoding = 30; name = ofxOscReceiver.cpp; path = ../../../../addons/ofxOsc/src/ofxOscReceiver.cpp; sourceTree = SOURCE_ROOT; };
		7D250BAC83B1E2EDD0CAA892 /* stb_textedit.h */ = {isa = PBXFileReference; explicitFileType = sourcecode.c.h; fileEncoding = 30; name = stb_textedit.h; path = ../../../../addons/ofxImGui/libs/imgui/src/stb_textedit.h; sourceTree = SOURCE_ROOT; };
		86F1E65C78609217A2F45F29 /* MessageMappingOscPacketListener.h */ = {isa = PBXFileReference; explicitFileType = sourcecode.c.h; fileEncoding = 30; name = MessageMappingOscPacketListener.h; path = ../../../../addons/ofxOsc/libs/oscpack/src/osc/MessageMappingOscPacketListener.h; sourceTree = SOURCE_ROOT; };
		8EA9577242B4CABCACF02098 /* BaseTheme.cpp */ = {isa = PBXFileReference; explicitFileType = sourcecode.cpp.cpp; fileEncoding = 30; name = BaseTheme.cpp; path = ../../../../addons/ofxImGui/src/BaseTheme.cpp; sourceTree = SOURCE_ROOT; };
		986B11F04FE0ADAF4674F4DA /* OscHostEndianness.h */ = {isa = PBXFileReference; explicitFileType = sourcecode.c.h; fileEncoding = 30; name = OscHostEndianness.h; path = ../../../../addons/ofxOsc/libs/oscpack/src/osc/OscHostEndianness.h; sourceTree = SOURCE_ROOT; };
		98D06015E5E7EDF1E32B8434 /* ofxOscReceiver.h */ = {isa = PBXFileReference; explicitFileType = sourcecode.c.h; fileEncoding = 30; name = ofxOscReceiver.h; path = ../../../../addons/ofxOsc/src/ofxOscReceiver.h; sourceTree = SOURCE_ROOT; };
		98EBC64521F3F666D55BBC08 /* imgui.cpp */ = {isa = PBXFileReference; explicitFileType = sourcecode.cpp.cpp; fileEncoding = 30; name = imgui.cpp; path = ../../../../addons/ofxImGui/libs/imgui/src/imgui.cpp; sourceTree = SOURCE_ROOT; };
		9C39518DE24A425946C33597 /* OscOutboundPacketStream.cpp */ = {isa = PBXFileReference; explicitFileType = sourcecode.cpp.cpp; fileEncoding = 30; name = OscOutboundPacketStream.cpp; path = ../../../../addons/ofxOsc/libs/oscpack/src/osc/OscOutboundPacketStream.cpp; sourceTree = SOURCE_ROOT; };
		AB061C43A17E25DE3B272134 /* UdpSocket.h */ = {isa = PBXFileReference; explicitFileType = sourcecode.c.h; fileEncoding = 30; name = UdpSocket.h; path = ../../../../addons/ofxOsc/libs/oscpack/src/ip/UdpSocket.h; sourceTree = SOURCE_ROOT; };
		AFD0FF7CBBA902548DC9C3F0 /* OscPacketListener.h */ = {isa = PBXFileReference; explicitFileType = sourcecode.c.h; fileEncoding = 30; name = OscPacketListener.h; path = ../../../../addons/ofxOsc/libs/oscpack/src/osc/OscPacketListener.h; sourceTree = SOURCE_ROOT; };
		B182CF44EE825D2DC9BE79CF /* ofxOscParameterSync.h */ = {isa = PBXFileReference; explicitFileType = sourcecode.c.h; fileEncoding = 30; name = ofxOscParameterSync.h; path = ../../../../addons/ofxOsc/src/ofxOscParameterSync.h; sourceTree = SOURCE_ROOT; };
		B6A05E32D88BB096AC276027 /* imgui_internal.h */ = {isa = PBXFileReference; explicitFileType = sourcecode.c.h; fileEncoding = 30; name = imgui_internal.h; path = ../../../../addons/ofxImGui/libs/imgui/src/imgui_internal.h; sourceTree = SOURCE_ROOT; };
		BA206DBCB429B6E43D918EB6 /* IpEndpointName.h */ = {isa = PBXFileReference; explicitFileType = sourcecode.c.h; fileEncoding = 30; name = IpEndpointName.h; path = ../../../../addons/ofxOsc/libs/oscpack/src/ip/IpEndpointName.h; sourceTree = SOURCE_ROOT; };
		C43E8ABA65BC2F587109BB81 /* OscTypes.cpp */ = {isa = PBXFileReference; explicitFileType = sourcecode.cpp.cpp; fileEncoding = 30; name = OscTypes.cpp; path = ../../../../addons/ofxOsc/libs/oscpack/src/osc/OscTypes.cpp; sourceTree = SOURCE_ROOT; };
		CB498DF1275B3DB641D78AFB /* ofxOscSender.h */ = {isa = PBXFileReference; explicitFileType = sourcecode.c.h; fileEncoding = 30; name = ofxOscSender.h; path = ../../../../addons/ofxOsc/src/ofxOscSender.h; sourceTree = SOURCE_ROOT; };
		CC6D7F3D4FF6B8AF7A10732F /* ofxOsc.h */ = {isa = PBXFileReference; explicitFileType = sourcecode.c.h; fileEncoding = 30; name = ofxOsc.h; path = ../../../../addons/ofxOsc/src/ofxOsc.h; sourceTree = SOURCE_ROOT; };
		CEB31FBF6A782B7A24AF8C7B /* ofxOscMessage.cpp */ = {isa = PBXFileReference; explicitFileType = sourcecode.cpp.cpp; fileEncoding = 30; name = ofxOscMessage.cpp; path = ../../../../addons/ofxOsc/src/ofxOscMessage.cpp; sourceTree = SOURCE_ROOT; };
		CF46F8CFC14F5CF86CE31A54 /* imgui_demo.cpp */ = {isa = PBXFileReference; explicitFileType = sourcecode.cpp.cpp; fileEncoding = 30; name = imgui_demo.cpp; path = ../../../../addons/ofxImGui/libs/imgui/src/imgui_demo.cpp; sourceTree = SOURCE_ROOT; };
		CFC50EEC7E148135A6A0B205 /* ofxOscSender.cpp */ = {isa = PBXFileReference; explicitFileType = sourcecode.cpp.cpp; fileEncoding = 30; name = ofxOscSender.cpp; path = ../../../../addons/ofxOsc/src/ofxOscSender.cpp; sourceTree = SOURCE_ROOT; };
		D044178DED707BC0472CED4E /* BaseEngine.cpp */ = {isa = PBXFileReference; explicitFileType = sourcecode.cpp.cpp; fileEncoding = 30; name = BaseEngine.cpp; path = ../../../../addons/ofxImGui/src/BaseEngine.cpp; sourceTree = SOURCE_ROOT; };
		D300779D8EA18015CFE4B288 /* UdpSocket.cpp */ = {isa = PBXFileReference; explicitFileType = sourcecode.cpp.cpp; fileEncoding = 30; name = UdpSocket.cpp; path = ../../../../addons/ofxOsc/libs/oscpack/src/ip/posix/UdpSocket.cpp; sourceTree = SOURCE_ROOT; };
		D92EA42C1D91210B00220A84 /* main.cpp */ = {isa = PBXFileReference; fileEncoding = 4; lastKnownFileType = sourcecode.cpp.cpp; name = main.cpp; path = ../../server_src/main.cpp; sourceTree = "<group>"; };
		D92EA42D1D91210B00220A84 /* ofApp.cpp */ = {isa = PBXFileReference; fileEncoding = 4; lastKnownFileType = sourcecode.cpp.cpp; name = ofApp.cpp; path = ../../server_src/ofApp.cpp; sourceTree = "<group>"; };
		D92EA42E1D91210B00220A84 /* ofApp.h */ = {isa = PBXFileReference; fileEncoding = 4; lastKnownFileType = sourcecode.c.h; name = ofApp.h; path = ../../server_src/ofApp.h; sourceTree = "<group>"; };
		DABBEE606E21A21F172F27D9 /* OscPrintReceivedElements.h */ = {isa = PBXFileReference; explicitFileType = sourcecode.c.h; fileEncoding = 30; name = OscPrintReceivedElements.h; path = ../../../../addons/ofxOsc/libs/oscpack/src/osc/OscPrintReceivedElements.h; sourceTree = SOURCE_ROOT; };
		DB9DBA95611EB84837784414 /* ofxOscArg.h */ = {isa = PBXFileReference; explicitFileType = sourcecode.c.h; fileEncoding = 30; name = ofxOscArg.h; path = ../../../../addons/ofxOsc/src/ofxOscArg.h; sourceTree = SOURCE_ROOT; };
		DE1DD0C3E2AA9879F9A39109 /* ofxImGui.cpp */ = {isa = PBXFileReference; explicitFileType = sourcecode.cpp.cpp; fileEncoding = 30; name = ofxImGui.cpp; path = ../../../../addons/ofxImGui/src/ofxImGui.cpp; sourceTree = SOURCE_ROOT; };
		DE57F9D8345EAB6D75668D42 /* ofxOscBundle.cpp */ = {isa = PBXFileReference; explicitFileType = sourcecode.cpp.cpp; fileEncoding = 30; name = ofxOscBundle.cpp; path = ../../../../addons/ofxOsc/src/ofxOscBundle.cpp; sourceTree = SOURCE_ROOT; };
		E1181160138789363A7B02FE /* ofxOscBundle.h */ = {isa = PBXFileReference; explicitFileType = sourcecode.c.h; fileEncoding = 30; name = ofxOscBundle.h; path = ../../../../addons/ofxOsc/src/ofxOscBundle.h; sourceTree = SOURCE_ROOT; };
		E2A3FBA5A452F08A3DB68015 /* imgui.h */ = {isa = PBXFileReference; explicitFileType = sourcecode.c.h; fileEncoding = 30; name = imgui.h; path = ../../../../addons/ofxImGui/libs/imgui/src/imgui.h; sourceTree = SOURCE_ROOT; };
		E4328143138ABC890047C5CB /* openFrameworksLib.xcodeproj */ = {isa = PBXFileReference; lastKnownFileType = "wrapper.pb-project"; name = openFrameworksLib.xcodeproj; path = ../../../../libs/openFrameworksCompiled/project/osx/openFrameworksLib.xcodeproj; sourceTree = SOURCE_ROOT; };
		E4B69B5B0A3A1756003C02F2 /* sever_macDebug.app */ = {isa = PBXFileReference; explicitFileType = wrapper.application; includeInIndex = 0; path = sever_macDebug.app; sourceTree = BUILT_PRODUCTS_DIR; };
		E4B6FCAD0C3E899E008CF71C /* openFrameworks-Info.plist */ = {isa = PBXFileReference; fileEncoding = 30; lastKnownFileType = text.plist.xml; path = "openFrameworks-Info.plist"; sourceTree = "<group>"; };
		E4EB691F138AFCF100A09F29 /* CoreOF.xcconfig */ = {isa = PBXFileReference; fileEncoding = 4; lastKnownFileType = text.xcconfig; name = CoreOF.xcconfig; path = ../../../../libs/openFrameworksCompiled/project/osx/CoreOF.xcconfig; sourceTree = SOURCE_ROOT; };
		E4EB6923138AFD0F00A09F29 /* Project.xcconfig */ = {isa = PBXFileReference; fileEncoding = 4; lastKnownFileType = text.xcconfig; path = Project.xcconfig; sourceTree = "<group>"; };
		E81AB65E37D792C4379AF07E /* OscPrintReceivedElements.cpp */ = {isa = PBXFileReference; explicitFileType = sourcecode.cpp.cpp; fileEncoding = 30; name = OscPrintReceivedElements.cpp; path = ../../../../addons/ofxOsc/libs/oscpack/src/osc/OscPrintReceivedElements.cpp; sourceTree = SOURCE_ROOT; };
		EFD3C8DEC8AC1E496ED12477 /* OscTypes.h */ = {isa = PBXFileReference; explicitFileType = sourcecode.c.h; fileEncoding = 30; name = OscTypes.h; path = ../../../../addons/ofxOsc/libs/oscpack/src/osc/OscTypes.h; sourceTree = SOURCE_ROOT; };
		F8DBB843752F464662D726A4 /* ofxImGui.h */ = {isa = PBXFileReference; explicitFileType = sourcecode.c.h; fileEncoding = 30; name = ofxImGui.h; path = ../../../../addons/ofxImGui/src/ofxImGui.h; sourceTree = SOURCE_ROOT; };
		FC790A19E4EB794F1D9936D2 /* EngineGLFW.h */ = {isa = PBXFileReference; explicitFileType = sourcecode.c.h; fileEncoding = 30; name = EngineGLFW.h; path = ../../../../addons/ofxImGui/src/EngineGLFW.h; sourceTree = SOURCE_ROOT; };
/* End PBXFileReference section */

/* Begin PBXFrameworksBuildPhase section */
		E4B69B590A3A1756003C02F2 /* Frameworks */ = {
			isa = PBXFrameworksBuildPhase;
			buildActionMask = 2147483647;
			files = (
				E4328149138ABC9F0047C5CB /* openFrameworksDebug.a in Frameworks */,
			);
			runOnlyForDeploymentPostprocessing = 0;
		};
/* End PBXFrameworksBuildPhase section */

/* Begin PBXGroup section */
		30CB364908817057B430D528 /* osc */ = {
			isa = PBXGroup;
			children = (
				86F1E65C78609217A2F45F29 /* MessageMappingOscPacketListener.h */,
				3E2AAA64E886DE788C3DADE0 /* OscException.h */,
				986B11F04FE0ADAF4674F4DA /* OscHostEndianness.h */,
				9C39518DE24A425946C33597 /* OscOutboundPacketStream.cpp */,
				127D584D16F73D5B63B4DBA7 /* OscOutboundPacketStream.h */,
				AFD0FF7CBBA902548DC9C3F0 /* OscPacketListener.h */,
				E81AB65E37D792C4379AF07E /* OscPrintReceivedElements.cpp */,
				DABBEE606E21A21F172F27D9 /* OscPrintReceivedElements.h */,
				5396921922631D07ED73E029 /* OscReceivedElements.cpp */,
				51816F5C966D8691FC1FEEB5 /* OscReceivedElements.h */,
				C43E8ABA65BC2F587109BB81 /* OscTypes.cpp */,
				EFD3C8DEC8AC1E496ED12477 /* OscTypes.h */,
			);
			name = osc;
			sourceTree = "<group>";
		};
		38871A5825686AE018EC2BF0 /* libs */ = {
			isa = PBXGroup;
			children = (
				86D2677079A3AF4A5A88E29A /* oscpack */,
			);
			name = libs;
			sourceTree = "<group>";
		};
		641362CA659FAFEE4E81001B /* posix */ = {
			isa = PBXGroup;
			children = (
				03D40937B60244A577063F86 /* NetworkingUtils.cpp */,
				D300779D8EA18015CFE4B288 /* UdpSocket.cpp */,
			);
			name = posix;
			sourceTree = "<group>";
		};
		6948EE371B920CB800B5AC1A /* local_addons */ = {
			isa = PBXGroup;
			children = (
			);
			name = local_addons;
			sourceTree = "<group>";
		};
		6FF8AA08E79CFA38503CDB0E /* src */ = {
			isa = PBXGroup;
			children = (
				D044178DED707BC0472CED4E /* BaseEngine.cpp */,
				66895DD849DEFD703D58C27F /* BaseEngine.h */,
				8EA9577242B4CABCACF02098 /* BaseTheme.cpp */,
				06CE2E758505443A7A7C2262 /* BaseTheme.h */,
				061E0CB5E91C71ABF0041189 /* EngineGLFW.cpp */,
				FC790A19E4EB794F1D9936D2 /* EngineGLFW.h */,
				314C807494EF5344FE2492C6 /* EngineOpenGLES.cpp */,
				1988604589DC641E9CDC6748 /* EngineOpenGLES.h */,
				35A94A6E3724E92F291C00B1 /* imconfig.h */,
				DE1DD0C3E2AA9879F9A39109 /* ofxImGui.cpp */,
				F8DBB843752F464662D726A4 /* ofxImGui.h */,
				5B03CAE1F5D186D2844A9AFB /* ThemeTest.h */,
			);
			name = src;
			sourceTree = "<group>";
		};
		768C3255AF2F3E1A78DC4DF4 /* ofxImGui */ = {
			isa = PBXGroup;
			children = (
				6FF8AA08E79CFA38503CDB0E /* src */,
				C618591A26FF62625326E2DD /* libs */,
			);
			name = ofxImGui;
			sourceTree = "<group>";
		};
		807146441E0D13714E9F4654 /* src */ = {
			isa = PBXGroup;
			children = (
				98EBC64521F3F666D55BBC08 /* imgui.cpp */,
				E2A3FBA5A452F08A3DB68015 /* imgui.h */,
				CF46F8CFC14F5CF86CE31A54 /* imgui_demo.cpp */,
				025ECBC2C326805C6910C2C6 /* imgui_draw.cpp */,
				B6A05E32D88BB096AC276027 /* imgui_internal.h */,
				673F53E378FCA378B684A581 /* stb_rect_pack.h */,
				7D250BAC83B1E2EDD0CAA892 /* stb_textedit.h */,
				5B56F3B6C4116938D60235DD /* stb_truetype.h */,
			);
			name = src;
			sourceTree = "<group>";
		};
		86D2677079A3AF4A5A88E29A /* oscpack */ = {
			isa = PBXGroup;
			children = (
				D27B2221A225CA523C019676 /* src */,
			);
			name = oscpack;
			sourceTree = "<group>";
		};
		8D2869234BA7562D78D731FF /* imgui */ = {
			isa = PBXGroup;
			children = (
				807146441E0D13714E9F4654 /* src */,
			);
			name = imgui;
			sourceTree = "<group>";
		};
		BB4B014C10F69532006C3DED /* addons */ = {
			isa = PBXGroup;
			children = (
				768C3255AF2F3E1A78DC4DF4 /* ofxImGui */,
				E6053AB7FEC63D5F83825B88 /* ofxOsc */,
			);
			name = addons;
			sourceTree = "<group>";
		};
		BD2F1A9F8D0C05EDB29122D0 /* src */ = {
			isa = PBXGroup;
			children = (
				CC6D7F3D4FF6B8AF7A10732F /* ofxOsc.h */,
				DB9DBA95611EB84837784414 /* ofxOscArg.h */,
				DE57F9D8345EAB6D75668D42 /* ofxOscBundle.cpp */,
				E1181160138789363A7B02FE /* ofxOscBundle.h */,
				CEB31FBF6A782B7A24AF8C7B /* ofxOscMessage.cpp */,
				10BA005287E5672C6BCB30E8 /* ofxOscMessage.h */,
				08BF3ADD532836850D8C5AF3 /* ofxOscParameterSync.cpp */,
				B182CF44EE825D2DC9BE79CF /* ofxOscParameterSync.h */,
				79C364D74DEFBABA08E4E9A2 /* ofxOscReceiver.cpp */,
				98D06015E5E7EDF1E32B8434 /* ofxOscReceiver.h */,
				CFC50EEC7E148135A6A0B205 /* ofxOscSender.cpp */,
				CB498DF1275B3DB641D78AFB /* ofxOscSender.h */,
			);
			name = src;
			sourceTree = "<group>";
		};
		C618591A26FF62625326E2DD /* libs */ = {
			isa = PBXGroup;
			children = (
				8D2869234BA7562D78D731FF /* imgui */,
			);
			name = libs;
			sourceTree = "<group>";
		};
		D27B2221A225CA523C019676 /* src */ = {
			isa = PBXGroup;
			children = (
				FF8CDF57858E9B94E3237115 /* ip */,
				30CB364908817057B430D528 /* osc */,
			);
			name = src;
			sourceTree = "<group>";
		};
		E4328144138ABC890047C5CB /* Products */ = {
			isa = PBXGroup;
			children = (
				E4328148138ABC890047C5CB /* openFrameworksDebug.a */,
			);
			name = Products;
			sourceTree = "<group>";
		};
		E4B69B4A0A3A1720003C02F2 = {
			isa = PBXGroup;
			children = (
				E4B6FCAD0C3E899E008CF71C /* openFrameworks-Info.plist */,
				E4EB6923138AFD0F00A09F29 /* Project.xcconfig */,
				E4B69E1C0A3A1BDC003C02F2 /* src */,
				E4EEC9E9138DF44700A80321 /* openFrameworks */,
				BB4B014C10F69532006C3DED /* addons */,
				6948EE371B920CB800B5AC1A /* local_addons */,
				E4B69B5B0A3A1756003C02F2 /* sever_macDebug.app */,
			);
			sourceTree = "<group>";
		};
		E4B69E1C0A3A1BDC003C02F2 /* src */ = {
			isa = PBXGroup;
			children = (
				D92EA42C1D91210B00220A84 /* main.cpp */,
				D92EA42D1D91210B00220A84 /* ofApp.cpp */,
				D92EA42E1D91210B00220A84 /* ofApp.h */,
			);
			path = src;
			sourceTree = SOURCE_ROOT;
		};
		E4EEC9E9138DF44700A80321 /* openFrameworks */ = {
			isa = PBXGroup;
			children = (
				E4EB691F138AFCF100A09F29 /* CoreOF.xcconfig */,
				E4328143138ABC890047C5CB /* openFrameworksLib.xcodeproj */,
			);
			name = openFrameworks;
			sourceTree = "<group>";
		};
		E6053AB7FEC63D5F83825B88 /* ofxOsc */ = {
			isa = PBXGroup;
			children = (
				BD2F1A9F8D0C05EDB29122D0 /* src */,
				38871A5825686AE018EC2BF0 /* libs */,
			);
			name = ofxOsc;
			sourceTree = "<group>";
		};
		FF8CDF57858E9B94E3237115 /* ip */ = {
			isa = PBXGroup;
			children = (
				61BE6704D365B28894FAF7D2 /* IpEndpointName.cpp */,
				BA206DBCB429B6E43D918EB6 /* IpEndpointName.h */,
				3BAF62549ABF96BF54517EF2 /* NetworkingUtils.h */,
				0B67F6D17CF69FC935590AE4 /* PacketListener.h */,
				641362CA659FAFEE4E81001B /* posix */,
				5BEF8D582E6BEB441C005898 /* TimerListener.h */,
				AB061C43A17E25DE3B272134 /* UdpSocket.h */,
			);
			name = ip;
			sourceTree = "<group>";
		};
/* End PBXGroup section */

/* Begin PBXNativeTarget section */
		E4B69B5A0A3A1756003C02F2 /* sever_mac */ = {
			isa = PBXNativeTarget;
			buildConfigurationList = E4B69B5F0A3A1757003C02F2 /* Build configuration list for PBXNativeTarget "sever_mac" */;
			buildPhases = (
				E4B69B580A3A1756003C02F2 /* Sources */,
				E4B69B590A3A1756003C02F2 /* Frameworks */,
				E4B6FFFD0C3F9AB9008CF71C /* ShellScript */,
				E4C2427710CC5ABF004149E2 /* CopyFiles */,
			);
			buildRules = (
			);
			dependencies = (
				E4EEB9AC138B136A00A80321 /* PBXTargetDependency */,
			);
			name = sever_mac;
			productName = myOFApp;
			productReference = E4B69B5B0A3A1756003C02F2 /* sever_macDebug.app */;
			productType = "com.apple.product-type.application";
		};
/* End PBXNativeTarget section */

/* Begin PBXProject section */
		E4B69B4C0A3A1720003C02F2 /* Project object */ = {
			isa = PBXProject;
			attributes = {
				LastUpgradeCheck = 0600;
			};
			buildConfigurationList = E4B69B4D0A3A1720003C02F2 /* Build configuration list for PBXProject "sever_mac" */;
			compatibilityVersion = "Xcode 3.2";
			developmentRegion = English;
			hasScannedForEncodings = 0;
			knownRegions = (
				English,
				Japanese,
				French,
				German,
			);
			mainGroup = E4B69B4A0A3A1720003C02F2;
			productRefGroup = E4B69B4A0A3A1720003C02F2;
			projectDirPath = "";
			projectReferences = (
				{
					ProductGroup = E4328144138ABC890047C5CB /* Products */;
					ProjectRef = E4328143138ABC890047C5CB /* openFrameworksLib.xcodeproj */;
				},
			);
			projectRoot = "";
			targets = (
				E4B69B5A0A3A1756003C02F2 /* sever_mac */,
			);
		};
/* End PBXProject section */

/* Begin PBXReferenceProxy section */
		E4328148138ABC890047C5CB /* openFrameworksDebug.a */ = {
			isa = PBXReferenceProxy;
			fileType = archive.ar;
			path = openFrameworksDebug.a;
			remoteRef = E4328147138ABC890047C5CB /* PBXContainerItemProxy */;
			sourceTree = BUILT_PRODUCTS_DIR;
		};
/* End PBXReferenceProxy section */

/* Begin PBXShellScriptBuildPhase section */
		E4B6FFFD0C3F9AB9008CF71C /* ShellScript */ = {
			isa = PBXShellScriptBuildPhase;
			buildActionMask = 2147483647;
			files = (
			);
			inputPaths = (
			);
			outputPaths = (
			);
			runOnlyForDeploymentPostprocessing = 0;
			shellPath = /bin/sh;
			shellScript = "mkdir -p \"$TARGET_BUILD_DIR/$PRODUCT_NAME.app/Contents/Resources/\"\n# Copy default icon file into App/Resources\nrsync -aved \"$ICON_FILE\" \"$TARGET_BUILD_DIR/$PRODUCT_NAME.app/Contents/Resources/\"\n# Copy libfmod and change install directory for fmod to run\nrsync -aved ../../../../libs/fmodex/lib/osx/libfmodex.dylib \"$TARGET_BUILD_DIR/$PRODUCT_NAME.app/Contents/Frameworks/\";\ninstall_name_tool -change @executable_path/libfmodex.dylib @executable_path/../Frameworks/libfmodex.dylib \"$TARGET_BUILD_DIR/$PRODUCT_NAME.app/Contents/MacOS/$PRODUCT_NAME\";\n# Copy GLUT framework (must remove for AppStore submissions)\nrsync -aved ../../../../libs/glut/lib/osx/GLUT.framework \"$TARGET_BUILD_DIR/$PRODUCT_NAME.app/Contents/Frameworks/\"\n";
		};
/* End PBXShellScriptBuildPhase section */

/* Begin PBXSourcesBuildPhase section */
		E4B69B580A3A1756003C02F2 /* Sources */ = {
			isa = PBXSourcesBuildPhase;
			buildActionMask = 2147483647;
			files = (
				8193901DC3B5A89378C9800E /* BaseEngine.cpp in Sources */,
				E4F9EF0D421581E9652692DE /* BaseTheme.cpp in Sources */,
				47EA4F9C15D82A8E6694BF43 /* EngineGLFW.cpp in Sources */,
				0D7B13A3F91112429ECBFA9E /* EngineOpenGLES.cpp in Sources */,
				99A7A40BD5FCF78B6F28C144 /* ofxImGui.cpp in Sources */,
				2C3F03135CD1C8F02FD3C655 /* imgui.cpp in Sources */,
				CFECBF059E524DC871D020D6 /* imgui_demo.cpp in Sources */,
				D7D4FACB71367BED212B2361 /* imgui_draw.cpp in Sources */,
				DBD76DE6D65C641C5A68C83B /* ofxOscBundle.cpp in Sources */,
				16AD2690D75611A44CAA2672 /* ofxOscMessage.cpp in Sources */,
				B1ACDFF67F1AB40792F7E3C0 /* ofxOscParameterSync.cpp in Sources */,
				D92EA42F1D91210B00220A84 /* main.cpp in Sources */,
				916A506838DC204FEFBA4813 /* ofxOscReceiver.cpp in Sources */,
				F0A819AFAF20263BEA98163D /* ofxOscSender.cpp in Sources */,
				1C19ABCBD11F1508A4A783F7 /* IpEndpointName.cpp in Sources */,
				C9AAB1E719BC2B1B5B42DD97 /* NetworkingUtils.cpp in Sources */,
				DD640E91A59C500218580845 /* UdpSocket.cpp in Sources */,
				2E00B1C9F92029E297DD0B76 /* OscOutboundPacketStream.cpp in Sources */,
				D942004DA1801633AB1BC2BA /* OscPrintReceivedElements.cpp in Sources */,
				7733102A165F3EF58830E0F0 /* OscReceivedElements.cpp in Sources */,
				D92EA4301D91210B00220A84 /* ofApp.cpp in Sources */,
				3785A22B8EFBABBD7B23E6F2 /* OscTypes.cpp in Sources */,
			);
			runOnlyForDeploymentPostprocessing = 0;
		};
/* End PBXSourcesBuildPhase section */

/* Begin PBXTargetDependency section */
		E4EEB9AC138B136A00A80321 /* PBXTargetDependency */ = {
			isa = PBXTargetDependency;
			name = openFrameworks;
			targetProxy = E4EEB9AB138B136A00A80321 /* PBXContainerItemProxy */;
		};
/* End PBXTargetDependency section */

/* Begin XCBuildConfiguration section */
		E4B69B4E0A3A1720003C02F2 /* Debug */ = {
			isa = XCBuildConfiguration;
			baseConfigurationReference = E4EB6923138AFD0F00A09F29 /* Project.xcconfig */;
			buildSettings = {
				CONFIGURATION_BUILD_DIR = "$(SRCROOT)/bin/";
				COPY_PHASE_STRIP = NO;
				DEAD_CODE_STRIPPING = YES;
				GCC_AUTO_VECTORIZATION = YES;
				GCC_ENABLE_SSE3_EXTENSIONS = YES;
				GCC_ENABLE_SUPPLEMENTAL_SSE3_INSTRUCTIONS = YES;
				GCC_INLINES_ARE_PRIVATE_EXTERN = NO;
				GCC_OPTIMIZATION_LEVEL = 0;
				GCC_SYMBOLS_PRIVATE_EXTERN = NO;
				GCC_WARN_ABOUT_DEPRECATED_FUNCTIONS = YES;
				GCC_WARN_ABOUT_INVALID_OFFSETOF_MACRO = NO;
				GCC_WARN_ALLOW_INCOMPLETE_PROTOCOL = NO;
				GCC_WARN_UNINITIALIZED_AUTOS = NO;
				GCC_WARN_UNUSED_VALUE = NO;
				GCC_WARN_UNUSED_VARIABLE = NO;
				HEADER_SEARCH_PATHS = (
					"$(OF_CORE_HEADERS)",
					../../../../addons/ofxImGui/libs,
					../../../../addons/ofxImGui/libs/imgui,
					../../../../addons/ofxImGui/libs/imgui/src,
					../../../../addons/ofxImGui/src,
					../../../../addons/ofxOsc/libs,
					../../../../addons/ofxOsc/libs/oscpack,
					../../../../addons/ofxOsc/libs/oscpack/src,
					../../../../addons/ofxOsc/libs/oscpack/src/ip,
					../../../../addons/ofxOsc/libs/oscpack/src/ip/posix,
					../../../../addons/ofxOsc/libs/oscpack/src/ip/win32,
					../../../../addons/ofxOsc/libs/oscpack/src/osc,
					../../../../addons/ofxOsc/src,
				);
				MACOSX_DEPLOYMENT_TARGET = 10.8;
				ONLY_ACTIVE_ARCH = YES;
				OTHER_CPLUSPLUSFLAGS = (
					"-D__MACOSX_CORE__",
					"-mtune=native",
				);
				SDKROOT = macosx;
			};
			name = Debug;
		};
		E4B69B4F0A3A1720003C02F2 /* Release */ = {
			isa = XCBuildConfiguration;
			baseConfigurationReference = E4EB6923138AFD0F00A09F29 /* Project.xcconfig */;
			buildSettings = {
				CONFIGURATION_BUILD_DIR = "$(SRCROOT)/bin/";
				COPY_PHASE_STRIP = YES;
				DEAD_CODE_STRIPPING = YES;
				GCC_AUTO_VECTORIZATION = YES;
				GCC_ENABLE_SSE3_EXTENSIONS = YES;
				GCC_ENABLE_SUPPLEMENTAL_SSE3_INSTRUCTIONS = YES;
				GCC_INLINES_ARE_PRIVATE_EXTERN = NO;
				GCC_OPTIMIZATION_LEVEL = 3;
				GCC_SYMBOLS_PRIVATE_EXTERN = NO;
				GCC_UNROLL_LOOPS = YES;
				GCC_WARN_ABOUT_DEPRECATED_FUNCTIONS = YES;
				GCC_WARN_ABOUT_INVALID_OFFSETOF_MACRO = NO;
				GCC_WARN_ALLOW_INCOMPLETE_PROTOCOL = NO;
				GCC_WARN_UNINITIALIZED_AUTOS = NO;
				GCC_WARN_UNUSED_VALUE = NO;
				GCC_WARN_UNUSED_VARIABLE = NO;
				HEADER_SEARCH_PATHS = (
					"$(OF_CORE_HEADERS)",
					../../../../addons/ofxImGui/libs,
					../../../../addons/ofxImGui/libs/imgui,
					../../../../addons/ofxImGui/libs/imgui/src,
					../../../../addons/ofxImGui/src,
					../../../../addons/ofxOsc/libs,
					../../../../addons/ofxOsc/libs/oscpack,
					../../../../addons/ofxOsc/libs/oscpack/src,
					../../../../addons/ofxOsc/libs/oscpack/src/ip,
					../../../../addons/ofxOsc/libs/oscpack/src/ip/posix,
					../../../../addons/ofxOsc/libs/oscpack/src/ip/win32,
					../../../../addons/ofxOsc/libs/oscpack/src/osc,
					../../../../addons/ofxOsc/src,
				);
				MACOSX_DEPLOYMENT_TARGET = 10.8;
				OTHER_CPLUSPLUSFLAGS = (
					"-D__MACOSX_CORE__",
					"-mtune=native",
				);
				SDKROOT = macosx;
			};
			name = Release;
		};
		E4B69B600A3A1757003C02F2 /* Debug */ = {
			isa = XCBuildConfiguration;
			baseConfigurationReference = E4EB6923138AFD0F00A09F29 /* Project.xcconfig */;
			buildSettings = {
				COMBINE_HIDPI_IMAGES = YES;
				COPY_PHASE_STRIP = NO;
				FRAMEWORK_SEARCH_PATHS = (
					"$(inherited)",
					"$(FRAMEWORK_SEARCH_PATHS_QUOTED_FOR_TARGET_1)",
				);
				FRAMEWORK_SEARCH_PATHS_QUOTED_FOR_TARGET_1 = "\"$(SRCROOT)/../../../../libs/glut/lib/osx\"";
				GCC_DYNAMIC_NO_PIC = NO;
				GCC_GENERATE_DEBUGGING_SYMBOLS = YES;
				GCC_MODEL_TUNING = NONE;
				HEADER_SEARCH_PATHS = (
					"$(OF_CORE_HEADERS)",
					../../../../addons/ofxImGui/libs,
					../../../../addons/ofxImGui/libs/imgui,
					../../../../addons/ofxImGui/libs/imgui/src,
					../../../../addons/ofxImGui/src,
					../../../../addons/ofxOsc/libs,
					../../../../addons/ofxOsc/libs/oscpack,
					../../../../addons/ofxOsc/libs/oscpack/src,
					../../../../addons/ofxOsc/libs/oscpack/src/ip,
					../../../../addons/ofxOsc/libs/oscpack/src/ip/posix,
					../../../../addons/ofxOsc/libs/oscpack/src/ip/win32,
					../../../../addons/ofxOsc/libs/oscpack/src/osc,
					../../../../addons/ofxOsc/src,
					"\"$(SRCROOT)/../../src\"",
				);
				ICON = "$(ICON_NAME_DEBUG)";
				ICON_FILE = "$(ICON_FILE_PATH)$(ICON)";
				INFOPLIST_FILE = "openFrameworks-Info.plist";
				INSTALL_PATH = /Applications;
				LIBRARY_SEARCH_PATHS = "$(inherited)";
				PRODUCT_NAME = "$(TARGET_NAME)Debug";
				WRAPPER_EXTENSION = app;
			};
			name = Debug;
		};
		E4B69B610A3A1757003C02F2 /* Release */ = {
			isa = XCBuildConfiguration;
			baseConfigurationReference = E4EB6923138AFD0F00A09F29 /* Project.xcconfig */;
			buildSettings = {
				COMBINE_HIDPI_IMAGES = YES;
				COPY_PHASE_STRIP = YES;
				FRAMEWORK_SEARCH_PATHS = (
					"$(inherited)",
					"$(FRAMEWORK_SEARCH_PATHS_QUOTED_FOR_TARGET_1)",
				);
				FRAMEWORK_SEARCH_PATHS_QUOTED_FOR_TARGET_1 = "\"$(SRCROOT)/../../../../libs/glut/lib/osx\"";
				GCC_GENERATE_DEBUGGING_SYMBOLS = YES;
				GCC_MODEL_TUNING = NONE;
				HEADER_SEARCH_PATHS = (
					"$(OF_CORE_HEADERS)",
					../../../../addons/ofxImGui/libs,
					../../../../addons/ofxImGui/libs/imgui,
					../../../../addons/ofxImGui/libs/imgui/src,
					../../../../addons/ofxImGui/src,
					../../../../addons/ofxOsc/libs,
					../../../../addons/ofxOsc/libs/oscpack,
					../../../../addons/ofxOsc/libs/oscpack/src,
					../../../../addons/ofxOsc/libs/oscpack/src/ip,
					../../../../addons/ofxOsc/libs/oscpack/src/ip/posix,
					../../../../addons/ofxOsc/libs/oscpack/src/ip/win32,
					../../../../addons/ofxOsc/libs/oscpack/src/osc,
					../../../../addons/ofxOsc/src,
					"\"$(SRCROOT)/../../src\"",
				);
				ICON = "$(ICON_NAME_RELEASE)";
				ICON_FILE = "$(ICON_FILE_PATH)$(ICON)";
				INFOPLIST_FILE = "openFrameworks-Info.plist";
				INSTALL_PATH = /Applications;
				LIBRARY_SEARCH_PATHS = "$(inherited)";
				PRODUCT_NAME = "$(TARGET_NAME)";
				WRAPPER_EXTENSION = app;
				baseConfigurationReference = E4EB6923138AFD0F00A09F29;
			};
			name = Release;
		};
/* End XCBuildConfiguration section */

/* Begin XCConfigurationList section */
		E4B69B4D0A3A1720003C02F2 /* Build configuration list for PBXProject "sever_mac" */ = {
			isa = XCConfigurationList;
			buildConfigurations = (
				E4B69B4E0A3A1720003C02F2 /* Debug */,
				E4B69B4F0A3A1720003C02F2 /* Release */,
			);
			defaultConfigurationIsVisible = 0;
			defaultConfigurationName = Release;
		};
		E4B69B5F0A3A1757003C02F2 /* Build configuration list for PBXNativeTarget "sever_mac" */ = {
			isa = XCConfigurationList;
			buildConfigurations = (
				E4B69B600A3A1757003C02F2 /* Debug */,
				E4B69B610A3A1757003C02F2 /* Release */,
			);
			defaultConfigurationIsVisible = 0;
			defaultConfigurationName = Release;
		};
/* End XCConfigurationList section */
	};
	rootObject = E4B69B4C0A3A1720003C02F2 /* Project object */;
}
